
Microsoft Visual Studio Solution File, Format Version 12.00
# Visual Studio Version 17
VisualStudioVersion = 17.8.34330.188
MinimumVisualStudioVersion = 10.0.40219.1
Project("{FAE04EC0-301F-11D3-BF4B-00C04F79EFBC}") = "BattleShip.UI", "BattleShip.UI\BattleShip.UI.csproj", "{63998525-A24E-447F-B35F-76096BFB8D6B}"
EndProject
Project("{FAE04EC0-301F-11D3-BF4B-00C04F79EFBC}") = "BattleShip.BLL", "BattleShip.BLL\BattleShip.BLL.csproj", "{F8B43DA0-2853-4B79-8BFE-B25C658C4A9B}"
EndProject
Project("{FAE04EC0-301F-11D3-BF4B-00C04F79EFBC}") = "TestBoard.nUnitTests", "TestBoard.nUnitTests\TestBoard.nUnitTests.csproj", "{9A99C9A6-F6E4-4772-A002-E8AF354ED7BF}"
EndProject
Global
	GlobalSection(SolutionConfigurationPlatforms) = preSolution
		Debug|Any CPU = Debug|Any CPU
		Release|Any CPU = Release|Any CPU
	EndGlobalSection
	GlobalSection(ProjectConfigurationPlatforms) = postSolution
		{63998525-A24E-447F-B35F-76096BFB8D6B}.Debug|Any CPU.ActiveCfg = Debug|Any CPU
		{63998525-A24E-447F-B35F-76096BFB8D6B}.Debug|Any CPU.Build.0 = Debug|Any CPU
		{63998525-A24E-447F-B35F-76096BFB8D6B}.Release|Any CPU.ActiveCfg = Release|Any CPU
		{63998525-A24E-447F-B35F-76096BFB8D6B}.Release|Any CPU.Build.0 = Release|Any CPU
		{F8B43DA0-2853-4B79-8BFE-B25C658C4A9B}.Debug|Any CPU.ActiveCfg = Debug|Any CPU
		{F8B43DA0-2853-4B79-8BFE-B25C658C4A9B}.Debug|Any CPU.Build.0 = Debug|Any CPU
		{F8B43DA0-2853-4B79-8BFE-B25C658C4A9B}.Release|Any CPU.ActiveCfg = Release|Any CPU
		{F8B43DA0-2853-4B79-8BFE-B25C658C4A9B}.Release|Any CPU.Build.0 = Release|Any CPU
		{9A99C9A6-F6E4-4772-A002-E8AF354ED7BF}.Debug|Any CPU.ActiveCfg = Debug|Any CPU
		{9A99C9A6-F6E4-4772-A002-E8AF354ED7BF}.Debug|Any CPU.Build.0 = Debug|Any CPU
		{9A99C9A6-F6E4-4772-A002-E8AF354ED7BF}.Release|Any CPU.ActiveCfg = Release|Any CPU
		{9A99C9A6-F6E4-4772-A002-E8AF354ED7BF}.Release|Any CPU.Build.0 = Release|Any CPU
	EndGlobalSection
	GlobalSection(SolutionProperties) = preSolution
		HideSolutionNode = FALSE
	EndGlobalSection
	GlobalSection(ExtensibilityGlobals) = postSolution
		SolutionGuid = {47D88C43-5204-4D3C-A028-0FD71505C0C5}
	EndGlobalSection
EndGlobal
